
Microsoft Visual Studio Solution File, Format Version 12.00
# Visual Studio Version 17
VisualStudioVersion = 17.14.36518.9 d17.14
MinimumVisualStudioVersion = 10.0.40219.1
Project("{FAE04EC0-301F-11D3-BF4B-00C04F79EFBC}") = "Translate", "Translate\Translate.csproj", "{74459FE2-D2A2-41B7-8D4A-822ECBBDB189}"
EndProject
Global
	GlobalSection(SolutionConfigurationPlatforms) = preSolution
		Debug|Any CPU = Debug|Any CPU
		Release|Any CPU = Release|Any CPU
	EndGlobalSection
	GlobalSection(ProjectConfigurationPlatforms) = postSolution
		{74459FE2-D2A2-41B7-8D4A-822ECBBDB189}.Debug|Any CPU.ActiveCfg = Debug|Any CPU
		{74459FE2-D2A2-41B7-8D4A-822ECBBDB189}.Debug|Any CPU.Build.0 = Debug|Any CPU
		{74459FE2-D2A2-41B7-8D4A-822ECBBDB189}.Release|Any CPU.ActiveCfg = Release|Any CPU
		{74459FE2-D2A2-41B7-8D4A-822ECBBDB189}.Release|Any CPU.Build.0 = Release|Any CPU
	EndGlobalSection
	GlobalSection(SolutionProperties) = preSolution
		HideSolutionNode = FALSE
	EndGlobalSection
	GlobalSection(ExtensibilityGlobals) = postSolution
		SolutionGuid = {90250E36-8C1D-413A-9316-6EC46DCBA9D5}
	EndGlobalSection
EndGlobal
